// !$*UTF8*$!
{
	archiveVersion = 1;
	classes = {
	};
	objectVersion = 56;
	objects = {

/* Begin PBXBuildFile section */
		DB0C9BBF29BF8FFD00BB0AE6 /* Input.c in Sources */ = {isa = PBXBuildFile; fileRef = DB0C9BBE29BF8FFD00BB0AE6 /* Input.c */; };
		DB0C9BC229BF915A00BB0AE6 /* HelloWorld.c in Sources */ = {isa = PBXBuildFile; fileRef = DB0C9BC129BF915A00BB0AE6 /* HelloWorld.c */; };
		DB0C9BC429BF916600BB0AE6 /* PrimitiveTypes.c in Sources */ = {isa = PBXBuildFile; fileRef = DB0C9BC329BF916600BB0AE6 /* PrimitiveTypes.c */; };
		DB0C9BC829BF917D00BB0AE6 /* DefinedConstants.c in Sources */ = {isa = PBXBuildFile; fileRef = DB0C9BC529BF917D00BB0AE6 /* DefinedConstants.c */; };
		DB0C9BC929BF917D00BB0AE6 /* Constants.c in Sources */ = {isa = PBXBuildFile; fileRef = DB0C9BC729BF917D00BB0AE6 /* Constants.c */; };
		DB0C9BCC29BF921200BB0AE6 /* Auto.c in Sources */ = {isa = PBXBuildFile; fileRef = DB0C9BCB29BF921200BB0AE6 /* Auto.c */; };
		DB0C9BCE29BF98A700BB0AE6 /* AutoBlockVisibility.c in Sources */ = {isa = PBXBuildFile; fileRef = DB0C9BCD29BF98A700BB0AE6 /* AutoBlockVisibility.c */; };
		DB0C9BD029BF99B300BB0AE6 /* BreakContinue.c in Sources */ = {isa = PBXBuildFile; fileRef = DB0C9BCF29BF99B300BB0AE6 /* BreakContinue.c */; };
		DB0C9BD229BF9AB400BB0AE6 /* SwitchCaseDefault.c in Sources */ = {isa = PBXBuildFile; fileRef = DB0C9BD129BF9AB400BB0AE6 /* SwitchCaseDefault.c */; };
		DB0C9BD429BF9B0C00BB0AE6 /* IfCondition.c in Sources */ = {isa = PBXBuildFile; fileRef = DB0C9BD329BF9B0C00BB0AE6 /* IfCondition.c */; };
		DB0C9BD729BFE62B00BB0AE6 /* ImplicitCasting.c in Sources */ = {isa = PBXBuildFile; fileRef = DB0C9BD629BFE62B00BB0AE6 /* ImplicitCasting.c */; };
		DB0C9BDA29C6FCA800BB0AE6 /* ArithematicOperators.c in Sources */ = {isa = PBXBuildFile; fileRef = DB0C9BD929C6FCA800BB0AE6 /* ArithematicOperators.c */; };
		DB0C9BDC29D3B72800BB0AE6 /* ModlusOperator.c in Sources */ = {isa = PBXBuildFile; fileRef = DB0C9BDB29D3B72800BB0AE6 /* ModlusOperator.c */; };
		DB0C9BDE29D6477C00BB0AE6 /* PayBillCalculator.c in Sources */ = {isa = PBXBuildFile; fileRef = DB0C9BDD29D6477C00BB0AE6 /* PayBillCalculator.c */; };
		DB25B44D29E627AE00B6D49E /* GreatestNumber.c in Sources */ = {isa = PBXBuildFile; fileRef = DB25B44C29E627AE00B6D49E /* GreatestNumber.c */; };
/* End PBXBuildFile section */

/* Begin PBXCopyFilesBuildPhase section */
		DB0C9BAB29BF8EE100BB0AE6 /* CopyFiles */ = {
			isa = PBXCopyFilesBuildPhase;
			buildActionMask = 2147483647;
			dstPath = /usr/share/man/man1/;
			dstSubfolderSpec = 0;
			files = (
			);
			runOnlyForDeploymentPostprocessing = 1;
		};
/* End PBXCopyFilesBuildPhase section */

/* Begin PBXFileReference section */
		DB0C9BAD29BF8EE100BB0AE6 /* CodeExamples */ = {isa = PBXFileReference; explicitFileType = "compiled.mach-o.executable"; includeInIndex = 0; path = CodeExamples; sourceTree = BUILT_PRODUCTS_DIR; };
		DB0C9BBD29BF8FFD00BB0AE6 /* Challenges */ = {isa = PBXFileReference; lastKnownFileType = folder; path = Challenges; sourceTree = "<group>"; };
		DB0C9BBE29BF8FFD00BB0AE6 /* Input.c */ = {isa = PBXFileReference; fileEncoding = 4; lastKnownFileType = sourcecode.c.c; path = Input.c; sourceTree = "<group>"; };
		DB0C9BC129BF915A00BB0AE6 /* HelloWorld.c */ = {isa = PBXFileReference; fileEncoding = 4; lastKnownFileType = sourcecode.c.c; path = HelloWorld.c; sourceTree = "<group>"; };
		DB0C9BC329BF916600BB0AE6 /* PrimitiveTypes.c */ = {isa = PBXFileReference; fileEncoding = 4; lastKnownFileType = sourcecode.c.c; path = PrimitiveTypes.c; sourceTree = "<group>"; };
		DB0C9BC529BF917D00BB0AE6 /* DefinedConstants.c */ = {isa = PBXFileReference; fileEncoding = 4; lastKnownFileType = sourcecode.c.c; path = DefinedConstants.c; sourceTree = "<group>"; };
		DB0C9BC629BF917D00BB0AE6 /* Challenges */ = {isa = PBXFileReference; lastKnownFileType = folder; path = Challenges; sourceTree = "<group>"; };
		DB0C9BC729BF917D00BB0AE6 /* Constants.c */ = {isa = PBXFileReference; fileEncoding = 4; lastKnownFileType = sourcecode.c.c; path = Constants.c; sourceTree = "<group>"; };
		DB0C9BCB29BF921200BB0AE6 /* Auto.c */ = {isa = PBXFileReference; lastKnownFileType = sourcecode.c.c; path = Auto.c; sourceTree = "<group>"; };
		DB0C9BCD29BF98A700BB0AE6 /* AutoBlockVisibility.c */ = {isa = PBXFileReference; lastKnownFileType = sourcecode.c.c; path = AutoBlockVisibility.c; sourceTree = "<group>"; };
		DB0C9BCF29BF99B300BB0AE6 /* BreakContinue.c */ = {isa = PBXFileReference; lastKnownFileType = sourcecode.c.c; path = BreakContinue.c; sourceTree = "<group>"; };
		DB0C9BD129BF9AB400BB0AE6 /* SwitchCaseDefault.c */ = {isa = PBXFileReference; lastKnownFileType = sourcecode.c.c; path = SwitchCaseDefault.c; sourceTree = "<group>"; };
		DB0C9BD329BF9B0C00BB0AE6 /* IfCondition.c */ = {isa = PBXFileReference; lastKnownFileType = sourcecode.c.c; path = IfCondition.c; sourceTree = "<group>"; };
		DB0C9BD629BFE62B00BB0AE6 /* ImplicitCasting.c */ = {isa = PBXFileReference; lastKnownFileType = sourcecode.c.c; path = ImplicitCasting.c; sourceTree = "<group>"; };
		DB0C9BD929C6FCA800BB0AE6 /* ArithematicOperators.c */ = {isa = PBXFileReference; lastKnownFileType = sourcecode.c.c; path = ArithematicOperators.c; sourceTree = "<group>"; };
		DB0C9BDB29D3B72800BB0AE6 /* ModlusOperator.c */ = {isa = PBXFileReference; lastKnownFileType = sourcecode.c.c; path = ModlusOperator.c; sourceTree = "<group>"; };
		DB0C9BDD29D6477C00BB0AE6 /* PayBillCalculator.c */ = {isa = PBXFileReference; lastKnownFileType = sourcecode.c.c; path = PayBillCalculator.c; sourceTree = "<group>"; };
		DB25B44C29E627AE00B6D49E /* GreatestNumber.c */ = {isa = PBXFileReference; lastKnownFileType = sourcecode.c.c; path = GreatestNumber.c; sourceTree = "<group>"; };
/* End PBXFileReference section */

/* Begin PBXFrameworksBuildPhase section */
		DB0C9BAA29BF8EE100BB0AE6 /* Frameworks */ = {
			isa = PBXFrameworksBuildPhase;
			buildActionMask = 2147483647;
			files = (
			);
			runOnlyForDeploymentPostprocessing = 0;
		};
/* End PBXFrameworksBuildPhase section */

/* Begin PBXGroup section */
		DB0C9BA429BF8EE100BB0AE6 = {
			isa = PBXGroup;
			children = (
				DB0C9BAF29BF8EE100BB0AE6 /* CodeExamples */,
				DB0C9BAE29BF8EE100BB0AE6 /* Products */,
			);
			sourceTree = "<group>";
		};
		DB0C9BAE29BF8EE100BB0AE6 /* Products */ = {
			isa = PBXGroup;
			children = (
				DB0C9BAD29BF8EE100BB0AE6 /* CodeExamples */,
			);
			name = Products;
			sourceTree = "<group>";
		};
		DB0C9BAF29BF8EE100BB0AE6 /* CodeExamples */ = {
			isa = PBXGroup;
			children = (
				DB0C9BB829BF8F2400BB0AE6 /* src */,
			);
			path = CodeExamples;
			sourceTree = "<group>";
		};
		DB0C9BB829BF8F2400BB0AE6 /* src */ = {
			isa = PBXGroup;
			children = (
				DB0C9BD829C6FC7200BB0AE6 /* Operators and Expressions */,
				DB0C9BD529BFE5F500BB0AE6 /* Typecasting */,
				DB0C9BCA29BF91EF00BB0AE6 /* Keywords */,
				DB0C9BBC29BF8F9700BB0AE6 /* ReadInput */,
				DB0C9BBB29BF8F8000BB0AE6 /* Intro-To-C */,
				DB0C9BBA29BF8F6A00BB0AE6 /* DataTypes */,
				DB0C9BB929BF8F4300BB0AE6 /* Constants */,
			);
			path = src;
			sourceTree = "<group>";
		};
		DB0C9BB929BF8F4300BB0AE6 /* Constants */ = {
			isa = PBXGroup;
			children = (
				DB0C9BC629BF917D00BB0AE6 /* Challenges */,
				DB0C9BC729BF917D00BB0AE6 /* Constants.c */,
				DB0C9BC529BF917D00BB0AE6 /* DefinedConstants.c */,
			);
			path = Constants;
			sourceTree = "<group>";
		};
		DB0C9BBA29BF8F6A00BB0AE6 /* DataTypes */ = {
			isa = PBXGroup;
			children = (
				DB0C9BC329BF916600BB0AE6 /* PrimitiveTypes.c */,
			);
			path = DataTypes;
			sourceTree = "<group>";
		};
		DB0C9BBB29BF8F8000BB0AE6 /* Intro-To-C */ = {
			isa = PBXGroup;
			children = (
				DB0C9BC129BF915A00BB0AE6 /* HelloWorld.c */,
			);
			path = "Intro-To-C";
			sourceTree = "<group>";
		};
		DB0C9BBC29BF8F9700BB0AE6 /* ReadInput */ = {
			isa = PBXGroup;
			children = (
				DB0C9BBD29BF8FFD00BB0AE6 /* Challenges */,
				DB0C9BBE29BF8FFD00BB0AE6 /* Input.c */,
			);
			path = ReadInput;
			sourceTree = "<group>";
		};
		DB0C9BCA29BF91EF00BB0AE6 /* Keywords */ = {
			isa = PBXGroup;
			children = (
				DB0C9BCB29BF921200BB0AE6 /* Auto.c */,
				DB0C9BCD29BF98A700BB0AE6 /* AutoBlockVisibility.c */,
				DB0C9BCF29BF99B300BB0AE6 /* BreakContinue.c */,
				DB0C9BD129BF9AB400BB0AE6 /* SwitchCaseDefault.c */,
				DB0C9BD329BF9B0C00BB0AE6 /* IfCondition.c */,
			);
			path = Keywords;
			sourceTree = "<group>";
		};
		DB0C9BD529BFE5F500BB0AE6 /* Typecasting */ = {
			isa = PBXGroup;
			children = (
				DB0C9BD629BFE62B00BB0AE6 /* ImplicitCasting.c */,
			);
			path = Typecasting;
			sourceTree = "<group>";
		};
		DB0C9BD829C6FC7200BB0AE6 /* Operators and Expressions */ = {
			isa = PBXGroup;
			children = (
				DB0C9BD929C6FCA800BB0AE6 /* ArithematicOperators.c */,
				DB0C9BDB29D3B72800BB0AE6 /* ModlusOperator.c */,
				DB0C9BDD29D6477C00BB0AE6 /* PayBillCalculator.c */,
				DB25B44C29E627AE00B6D49E /* GreatestNumber.c */,
			);
			path = "Operators and Expressions";
			sourceTree = "<group>";
		};
/* End PBXGroup section */

/* Begin PBXNativeTarget section */
		DB0C9BAC29BF8EE100BB0AE6 /* CodeExamples */ = {
			isa = PBXNativeTarget;
			buildConfigurationList = DB0C9BB429BF8EE100BB0AE6 /* Build configuration list for PBXNativeTarget "CodeExamples" */;
			buildPhases = (
				DB0C9BA929BF8EE100BB0AE6 /* Sources */,
				DB0C9BAA29BF8EE100BB0AE6 /* Frameworks */,
				DB0C9BAB29BF8EE100BB0AE6 /* CopyFiles */,
			);
			buildRules = (
			);
			dependencies = (
			);
			name = CodeExamples;
			productName = CodeExamples;
			productReference = DB0C9BAD29BF8EE100BB0AE6 /* CodeExamples */;
			productType = "com.apple.product-type.tool";
		};
/* End PBXNativeTarget section */

/* Begin PBXProject section */
		DB0C9BA529BF8EE100BB0AE6 /* Project object */ = {
			isa = PBXProject;
			attributes = {
				BuildIndependentTargetsInParallel = 1;
				LastUpgradeCheck = 1420;
				TargetAttributes = {
					DB0C9BAC29BF8EE100BB0AE6 = {
						CreatedOnToolsVersion = 14.2;
					};
				};
			};
			buildConfigurationList = DB0C9BA829BF8EE100BB0AE6 /* Build configuration list for PBXProject "CodeExamples" */;
			compatibilityVersion = "Xcode 14.0";
			developmentRegion = en;
			hasScannedForEncodings = 0;
			knownRegions = (
				en,
				Base,
			);
			mainGroup = DB0C9BA429BF8EE100BB0AE6;
			productRefGroup = DB0C9BAE29BF8EE100BB0AE6 /* Products */;
			projectDirPath = "";
			projectRoot = "";
			targets = (
				DB0C9BAC29BF8EE100BB0AE6 /* CodeExamples */,
			);
		};
/* End PBXProject section */

/* Begin PBXSourcesBuildPhase section */
		DB0C9BA929BF8EE100BB0AE6 /* Sources */ = {
			isa = PBXSourcesBuildPhase;
			buildActionMask = 2147483647;
			files = (
				DB0C9BBF29BF8FFD00BB0AE6 /* Input.c in Sources */,
				DB0C9BC229BF915A00BB0AE6 /* HelloWorld.c in Sources */,
				DB0C9BD729BFE62B00BB0AE6 /* ImplicitCasting.c in Sources */,
				DB0C9BD029BF99B300BB0AE6 /* BreakContinue.c in Sources */,
				DB0C9BD229BF9AB400BB0AE6 /* SwitchCaseDefault.c in Sources */,
				DB25B44D29E627AE00B6D49E /* GreatestNumber.c in Sources */,
				DB0C9BD429BF9B0C00BB0AE6 /* IfCondition.c in Sources */,
				DB0C9BCC29BF921200BB0AE6 /* Auto.c in Sources */,
				DB0C9BDE29D6477C00BB0AE6 /* PayBillCalculator.c in Sources */,
				DB0C9BC829BF917D00BB0AE6 /* DefinedConstants.c in Sources */,
				DB0C9BC429BF916600BB0AE6 /* PrimitiveTypes.c in Sources */,
				DB0C9BDA29C6FCA800BB0AE6 /* ArithematicOperators.c in Sources */,
				DB0C9BCE29BF98A700BB0AE6 /* AutoBlockVisibility.c in Sources */,
				DB0C9BC929BF917D00BB0AE6 /* Constants.c in Sources */,
				DB0C9BDC29D3B72800BB0AE6 /* ModlusOperator.c in Sources */,
			);
			runOnlyForDeploymentPostprocessing = 0;
		};
/* End PBXSourcesBuildPhase section */

/* Begin XCBuildConfiguration section */
		DB0C9BB229BF8EE100BB0AE6 /* Debug */ = {
			isa = XCBuildConfiguration;
			buildSettings = {
				ALWAYS_SEARCH_USER_PATHS = NO;
				CLANG_ANALYZER_NONNULL = YES;
				CLANG_ANALYZER_NUMBER_OBJECT_CONVERSION = YES_AGGRESSIVE;
				CLANG_CXX_LANGUAGE_STANDARD = "gnu++20";
				CLANG_ENABLE_MODULES = YES;
				CLANG_ENABLE_OBJC_ARC = YES;
				CLANG_ENABLE_OBJC_WEAK = YES;
				CLANG_WARN_BLOCK_CAPTURE_AUTORELEASING = YES;
				CLANG_WARN_BOOL_CONVERSION = YES;
				CLANG_WARN_COMMA = YES;
				CLANG_WARN_CONSTANT_CONVERSION = YES;
				CLANG_WARN_DEPRECATED_OBJC_IMPLEMENTATIONS = YES;
				CLANG_WARN_DIRECT_OBJC_ISA_USAGE = YES_ERROR;
				CLANG_WARN_DOCUMENTATION_COMMENTS = YES;
				CLANG_WARN_EMPTY_BODY = YES;
				CLANG_WARN_ENUM_CONVERSION = YES;
				CLANG_WARN_INFINITE_RECURSION = YES;
				CLANG_WARN_INT_CONVERSION = YES;
				CLANG_WARN_NON_LITERAL_NULL_CONVERSION = YES;
				CLANG_WARN_OBJC_IMPLICIT_RETAIN_SELF = YES;
				CLANG_WARN_OBJC_LITERAL_CONVERSION = YES;
				CLANG_WARN_OBJC_ROOT_CLASS = YES_ERROR;
				CLANG_WARN_QUOTED_INCLUDE_IN_FRAMEWORK_HEADER = YES;
				CLANG_WARN_RANGE_LOOP_ANALYSIS = YES;
				CLANG_WARN_STRICT_PROTOTYPES = YES;
				CLANG_WARN_SUSPICIOUS_MOVE = YES;
				CLANG_WARN_UNGUARDED_AVAILABILITY = YES_AGGRESSIVE;
				CLANG_WARN_UNREACHABLE_CODE = YES;
				CLANG_WARN__DUPLICATE_METHOD_MATCH = YES;
				COPY_PHASE_STRIP = NO;
				DEBUG_INFORMATION_FORMAT = dwarf;
				ENABLE_STRICT_OBJC_MSGSEND = YES;
				ENABLE_TESTABILITY = YES;
				GCC_C_LANGUAGE_STANDARD = gnu11;
				GCC_DYNAMIC_NO_PIC = NO;
				GCC_NO_COMMON_BLOCKS = YES;
				GCC_OPTIMIZATION_LEVEL = 0;
				GCC_PREPROCESSOR_DEFINITIONS = (
					"DEBUG=1",
					"$(inherited)",
				);
				GCC_WARN_64_TO_32_BIT_CONVERSION = YES;
				GCC_WARN_ABOUT_RETURN_TYPE = YES_ERROR;
				GCC_WARN_UNDECLARED_SELECTOR = YES;
				GCC_WARN_UNINITIALIZED_AUTOS = YES_AGGRESSIVE;
				GCC_WARN_UNUSED_FUNCTION = YES;
				GCC_WARN_UNUSED_VARIABLE = YES;
				MACOSX_DEPLOYMENT_TARGET = 13.1;
				MTL_ENABLE_DEBUG_INFO = INCLUDE_SOURCE;
				MTL_FAST_MATH = YES;
				ONLY_ACTIVE_ARCH = YES;
				SDKROOT = macosx;
			};
			name = Debug;
		};
		DB0C9BB329BF8EE100BB0AE6 /* Release */ = {
			isa = XCBuildConfiguration;
			buildSettings = {
				ALWAYS_SEARCH_USER_PATHS = NO;
				CLANG_ANALYZER_NONNULL = YES;
				CLANG_ANALYZER_NUMBER_OBJECT_CONVERSION = YES_AGGRESSIVE;
				CLANG_CXX_LANGUAGE_STANDARD = "gnu++20";
				CLANG_ENABLE_MODULES = YES;
				CLANG_ENABLE_OBJC_ARC = YES;
				CLANG_ENABLE_OBJC_WEAK = YES;
				CLANG_WARN_BLOCK_CAPTURE_AUTORELEASING = YES;
				CLANG_WARN_BOOL_CONVERSION = YES;
				CLANG_WARN_COMMA = YES;
				CLANG_WARN_CONSTANT_CONVERSION = YES;
				CLANG_WARN_DEPRECATED_OBJC_IMPLEMENTATIONS = YES;
				CLANG_WARN_DIRECT_OBJC_ISA_USAGE = YES_ERROR;
				CLANG_WARN_DOCUMENTATION_COMMENTS = YES;
				CLANG_WARN_EMPTY_BODY = YES;
				CLANG_WARN_ENUM_CONVERSION = YES;
				CLANG_WARN_INFINITE_RECURSION = YES;
				CLANG_WARN_INT_CONVERSION = YES;
				CLANG_WARN_NON_LITERAL_NULL_CONVERSION = YES;
				CLANG_WARN_OBJC_IMPLICIT_RETAIN_SELF = YES;
				CLANG_WARN_OBJC_LITERAL_CONVERSION = YES;
				CLANG_WARN_OBJC_ROOT_CLASS = YES_ERROR;
				CLANG_WARN_QUOTED_INCLUDE_IN_FRAMEWORK_HEADER = YES;
				CLANG_WARN_RANGE_LOOP_ANALYSIS = YES;
				CLANG_WARN_STRICT_PROTOTYPES = YES;
				CLANG_WARN_SUSPICIOUS_MOVE = YES;
				CLANG_WARN_UNGUARDED_AVAILABILITY = YES_AGGRESSIVE;
				CLANG_WARN_UNREACHABLE_CODE = YES;
				CLANG_WARN__DUPLICATE_METHOD_MATCH = YES;
				COPY_PHASE_STRIP = NO;
				DEBUG_INFORMATION_FORMAT = "dwarf-with-dsym";
				ENABLE_NS_ASSERTIONS = NO;
				ENABLE_STRICT_OBJC_MSGSEND = YES;
				GCC_C_LANGUAGE_STANDARD = gnu11;
				GCC_NO_COMMON_BLOCKS = YES;
				GCC_WARN_64_TO_32_BIT_CONVERSION = YES;
				GCC_WARN_ABOUT_RETURN_TYPE = YES_ERROR;
				GCC_WARN_UNDECLARED_SELECTOR = YES;
				GCC_WARN_UNINITIALIZED_AUTOS = YES_AGGRESSIVE;
				GCC_WARN_UNUSED_FUNCTION = YES;
				GCC_WARN_UNUSED_VARIABLE = YES;
				MACOSX_DEPLOYMENT_TARGET = 13.1;
				MTL_ENABLE_DEBUG_INFO = NO;
				MTL_FAST_MATH = YES;
				SDKROOT = macosx;
			};
			name = Release;
		};
		DB0C9BB529BF8EE100BB0AE6 /* Debug */ = {
			isa = XCBuildConfiguration;
			buildSettings = {
				CODE_SIGN_STYLE = Automatic;
				DEVELOPMENT_TEAM = B5663N35PV;
				ENABLE_HARDENED_RUNTIME = YES;
				PRODUCT_NAME = "$(TARGET_NAME)";
			};
			name = Debug;
		};
		DB0C9BB629BF8EE100BB0AE6 /* Release */ = {
			isa = XCBuildConfiguration;
			buildSettings = {
				CODE_SIGN_STYLE = Automatic;
				DEVELOPMENT_TEAM = B5663N35PV;
				ENABLE_HARDENED_RUNTIME = YES;
				PRODUCT_NAME = "$(TARGET_NAME)";
			};
			name = Release;
		};
/* End XCBuildConfiguration section */

/* Begin XCConfigurationList section */
		DB0C9BA829BF8EE100BB0AE6 /* Build configuration list for PBXProject "CodeExamples" */ = {
			isa = XCConfigurationList;
			buildConfigurations = (
				DB0C9BB229BF8EE100BB0AE6 /* Debug */,
				DB0C9BB329BF8EE100BB0AE6 /* Release */,
			);
			defaultConfigurationIsVisible = 0;
			defaultConfigurationName = Debug;
		};
		DB0C9BB429BF8EE100BB0AE6 /* Build configuration list for PBXNativeTarget "CodeExamples" */ = {
			isa = XCConfigurationList;
			buildConfigurations = (
				DB0C9BB529BF8EE100BB0AE6 /* Debug */,
				DB0C9BB629BF8EE100BB0AE6 /* Release */,
			);
			defaultConfigurationIsVisible = 0;
			defaultConfigurationName = Debug;
		};
/* End XCConfigurationList section */
	};
	rootObject = DB0C9BA529BF8EE100BB0AE6 /* Project object */;
}
